
Microsoft Visual Studio Solution File, Format Version 12.00
# Visual Studio 2017
Project("{FAE04EC0-301F-11D3-BF4B-00C04F79EFBC}") = "ShaderWarehouse", "ShaderWarehouse.csproj", "{9E82FEA3-4299-098A-D20E-27D4D5729FAA}"
EndProject
Global
	GlobalSection(SolutionConfigurationPlatforms) = preSolution
		Debug|Any CPU = Debug|Any CPU
		Release|Any CPU = Release|Any CPU
	EndGlobalSection
	GlobalSection(ProjectConfigurationPlatforms) = postSolution
		{9E82FEA3-4299-098A-D20E-27D4D5729FAA}.Debug|Any CPU.ActiveCfg = Debug|Any CPU
		{9E82FEA3-4299-098A-D20E-27D4D5729FAA}.Debug|Any CPU.Build.0 = Debug|Any CPU
		{9E82FEA3-4299-098A-D20E-27D4D5729FAA}.Release|Any CPU.ActiveCfg = Release|Any CPU
		{9E82FEA3-4299-098A-D20E-27D4D5729FAA}.Release|Any CPU.Build.0 = Release|Any CPU
	EndGlobalSection
	GlobalSection(SolutionProperties) = preSolution
		HideSolutionNode = FALSE
	EndGlobalSection
EndGlobal
